<Solution>
  <Folder Name="/src/">
    <Project Path="src/PaymentLedger.Domain/PaymentLedger.Domain.csproj" />
  </Folder>
  <Folder Name="/tests/">
    <Project Path="tests/PaymentLedger.UnitTests/PaymentLedger.UnitTests.csproj" />
  </Folder>
  <Folder Name="/Solution Items/">
    <File Path="Directory.Build.props" />
    <File Path="Directory.Packages.props" />
    <File Path="global.json" />
  </Folder>
</Solution>
